
Microsoft Visual Studio Solution File, Format Version 12.00
# Visual Studio Version 17
VisualStudioVersion = 17.3.32901.215
MinimumVisualStudioVersion = 10.0.40219.1
Project("{FAE04EC0-301F-11D3-BF4B-00C04F79EFBC}") = "TGJBookStoreWithIdentity", "TGJBookStoreWithIdentity\TGJBookStoreWithIdentity.csproj", "{06138D71-D46E-4D56-BEAA-7C22A81EA74C}"
EndProject
Global
	GlobalSection(SolutionConfigurationPlatforms) = preSolution
		Debug|Any CPU = Debug|Any CPU
		Release|Any CPU = Release|Any CPU
	EndGlobalSection
	GlobalSection(ProjectConfigurationPlatforms) = postSolution
		{06138D71-D46E-4D56-BEAA-7C22A81EA74C}.Debug|Any CPU.ActiveCfg = Debug|Any CPU
		{06138D71-D46E-4D56-BEAA-7C22A81EA74C}.Debug|Any CPU.Build.0 = Debug|Any CPU
		{06138D71-D46E-4D56-BEAA-7C22A81EA74C}.Release|Any CPU.ActiveCfg = Release|Any CPU
		{06138D71-D46E-4D56-BEAA-7C22A81EA74C}.Release|Any CPU.Build.0 = Release|Any CPU
	EndGlobalSection
	GlobalSection(SolutionProperties) = preSolution
		HideSolutionNode = FALSE
	EndGlobalSection
	GlobalSection(ExtensibilityGlobals) = postSolution
		SolutionGuid = {6BF73FC1-529A-415F-B5E6-26AF52835C4F}
	EndGlobalSection
EndGlobal
